// !$*UTF8*$!
{
	archiveVersion = 1;
	classes = {
	};
	objectVersion = 55;
	objects = {

/* Begin PBXBuildFile section */
		342B3867CA8622FF4F0D1DA5 /* Pods_Parse_ChatTests.framework in Frameworks */ = {isa = PBXBuildFile; fileRef = 5680C0C497F4A275BD940A3F /* Pods_Parse_ChatTests.framework */; };
		85FA867CAE9F7A4CAC1BFE64 /* Pods_Parse_Chat_Parse_ChatUITests.framework in Frameworks */ = {isa = PBXBuildFile; fileRef = 993940A4D378E8060EF0B353 /* Pods_Parse_Chat_Parse_ChatUITests.framework */; };
		BAC771F5286A09AA006F49DB /* AppDelegate.m in Sources */ = {isa = PBXBuildFile; fileRef = BAC771F4286A09AA006F49DB /* AppDelegate.m */; };
		BAC771F8286A09AA006F49DB /* SceneDelegate.m in Sources */ = {isa = PBXBuildFile; fileRef = BAC771F7286A09AA006F49DB /* SceneDelegate.m */; };
		BAC771FB286A09AA006F49DB /* ViewController.m in Sources */ = {isa = PBXBuildFile; fileRef = BAC771FA286A09AA006F49DB /* ViewController.m */; };
		BAC771FE286A09AA006F49DB /* Main.storyboard in Resources */ = {isa = PBXBuildFile; fileRef = BAC771FC286A09AA006F49DB /* Main.storyboard */; };
		BAC77200286A09AB006F49DB /* Assets.xcassets in Resources */ = {isa = PBXBuildFile; fileRef = BAC771FF286A09AB006F49DB /* Assets.xcassets */; };
		BAC77203286A09AB006F49DB /* LaunchScreen.storyboard in Resources */ = {isa = PBXBuildFile; fileRef = BAC77201286A09AB006F49DB /* LaunchScreen.storyboard */; };
		BAC77206286A09AB006F49DB /* main.m in Sources */ = {isa = PBXBuildFile; fileRef = BAC77205286A09AB006F49DB /* main.m */; };
		BAC77210286A09AB006F49DB /* Parse_ChatTests.m in Sources */ = {isa = PBXBuildFile; fileRef = BAC7720F286A09AB006F49DB /* Parse_ChatTests.m */; };
		BAC7721A286A09AB006F49DB /* Parse_ChatUITests.m in Sources */ = {isa = PBXBuildFile; fileRef = BAC77219286A09AB006F49DB /* Parse_ChatUITests.m */; };
		BAC7721C286A09AB006F49DB /* Parse_ChatUITestsLaunchTests.m in Sources */ = {isa = PBXBuildFile; fileRef = BAC7721B286A09AB006F49DB /* Parse_ChatUITestsLaunchTests.m */; };
		C5E0CB8703558B73E66C2B49 /* Pods_Parse_Chat.framework in Frameworks */ = {isa = PBXBuildFile; fileRef = D91D7A1F17C072F9F4B0D929 /* Pods_Parse_Chat.framework */; };
/* End PBXBuildFile section */

/* Begin PBXContainerItemProxy section */
		BAC7720C286A09AB006F49DB /* PBXContainerItemProxy */ = {
			isa = PBXContainerItemProxy;
			containerPortal = BAC771E8286A09AA006F49DB /* Project object */;
			proxyType = 1;
			remoteGlobalIDString = BAC771EF286A09AA006F49DB;
			remoteInfo = "Parse Chat";
		};
		BAC77216286A09AB006F49DB /* PBXContainerItemProxy */ = {
			isa = PBXContainerItemProxy;
			containerPortal = BAC771E8286A09AA006F49DB /* Project object */;
			proxyType = 1;
			remoteGlobalIDString = BAC771EF286A09AA006F49DB;
			remoteInfo = "Parse Chat";
		};
/* End PBXContainerItemProxy section */

/* Begin PBXFileReference section */
		07AC4BF6C22F63DA3EF3E360 /* Pods-Parse Chat-Parse ChatUITests.debug.xcconfig */ = {isa = PBXFileReference; includeInIndex = 1; lastKnownFileType = text.xcconfig; name = "Pods-Parse Chat-Parse ChatUITests.debug.xcconfig"; path = "Target Support Files/Pods-Parse Chat-Parse ChatUITests/Pods-Parse Chat-Parse ChatUITests.debug.xcconfig"; sourceTree = "<group>"; };
		17B3EFAB6A9DD48FDCE8ECAA /* Pods-Parse ChatTests.debug.xcconfig */ = {isa = PBXFileReference; includeInIndex = 1; lastKnownFileType = text.xcconfig; name = "Pods-Parse ChatTests.debug.xcconfig"; path = "Target Support Files/Pods-Parse ChatTests/Pods-Parse ChatTests.debug.xcconfig"; sourceTree = "<group>"; };
		3F7AB69D3477E92A0A77E4AF /* Pods-Parse Chat-Parse ChatUITests.release.xcconfig */ = {isa = PBXFileReference; includeInIndex = 1; lastKnownFileType = text.xcconfig; name = "Pods-Parse Chat-Parse ChatUITests.release.xcconfig"; path = "Target Support Files/Pods-Parse Chat-Parse ChatUITests/Pods-Parse Chat-Parse ChatUITests.release.xcconfig"; sourceTree = "<group>"; };
		4B65A7A08C2DCAEEB20E1118 /* Pods-Parse Chat.release.xcconfig */ = {isa = PBXFileReference; includeInIndex = 1; lastKnownFileType = text.xcconfig; name = "Pods-Parse Chat.release.xcconfig"; path = "Target Support Files/Pods-Parse Chat/Pods-Parse Chat.release.xcconfig"; sourceTree = "<group>"; };
		5680C0C497F4A275BD940A3F /* Pods_Parse_ChatTests.framework */ = {isa = PBXFileReference; explicitFileType = wrapper.framework; includeInIndex = 0; path = Pods_Parse_ChatTests.framework; sourceTree = BUILT_PRODUCTS_DIR; };
		8520A22021179BD0EB626B1C /* Pods-Parse Chat.debug.xcconfig */ = {isa = PBXFileReference; includeInIndex = 1; lastKnownFileType = text.xcconfig; name = "Pods-Parse Chat.debug.xcconfig"; path = "Target Support Files/Pods-Parse Chat/Pods-Parse Chat.debug.xcconfig"; sourceTree = "<group>"; };
		993940A4D378E8060EF0B353 /* Pods_Parse_Chat_Parse_ChatUITests.framework */ = {isa = PBXFileReference; explicitFileType = wrapper.framework; includeInIndex = 0; path = Pods_Parse_Chat_Parse_ChatUITests.framework; sourceTree = BUILT_PRODUCTS_DIR; };
		BAC771F0286A09AA006F49DB /* Parse Chat.app */ = {isa = PBXFileReference; explicitFileType = wrapper.application; includeInIndex = 0; path = "Parse Chat.app"; sourceTree = BUILT_PRODUCTS_DIR; };
		BAC771F3286A09AA006F49DB /* AppDelegate.h */ = {isa = PBXFileReference; lastKnownFileType = sourcecode.c.h; path = AppDelegate.h; sourceTree = "<group>"; };
		BAC771F4286A09AA006F49DB /* AppDelegate.m */ = {isa = PBXFileReference; lastKnownFileType = sourcecode.c.objc; path = AppDelegate.m; sourceTree = "<group>"; };
		BAC771F6286A09AA006F49DB /* SceneDelegate.h */ = {isa = PBXFileReference; lastKnownFileType = sourcecode.c.h; path = SceneDelegate.h; sourceTree = "<group>"; };
		BAC771F7286A09AA006F49DB /* SceneDelegate.m */ = {isa = PBXFileReference; lastKnownFileType = sourcecode.c.objc; path = SceneDelegate.m; sourceTree = "<group>"; };
		BAC771F9286A09AA006F49DB /* ViewController.h */ = {isa = PBXFileReference; lastKnownFileType = sourcecode.c.h; path = ViewController.h; sourceTree = "<group>"; };
		BAC771FA286A09AA006F49DB /* ViewController.m */ = {isa = PBXFileReference; lastKnownFileType = sourcecode.c.objc; path = ViewController.m; sourceTree = "<group>"; };
		BAC771FD286A09AA006F49DB /* Base */ = {isa = PBXFileReference; lastKnownFileType = file.storyboard; name = Base; path = Base.lproj/Main.storyboard; sourceTree = "<group>"; };
		BAC771FF286A09AB006F49DB /* Assets.xcassets */ = {isa = PBXFileReference; lastKnownFileType = folder.assetcatalog; path = Assets.xcassets; sourceTree = "<group>"; };
		BAC77202286A09AB006F49DB /* Base */ = {isa = PBXFileReference; lastKnownFileType = file.storyboard; name = Base; path = Base.lproj/LaunchScreen.storyboard; sourceTree = "<group>"; };
		BAC77204286A09AB006F49DB /* Info.plist */ = {isa = PBXFileReference; lastKnownFileType = text.plist.xml; path = Info.plist; sourceTree = "<group>"; };
		BAC77205286A09AB006F49DB /* main.m */ = {isa = PBXFileReference; lastKnownFileType = sourcecode.c.objc; path = main.m; sourceTree = "<group>"; };
		BAC7720B286A09AB006F49DB /* Parse ChatTests.xctest */ = {isa = PBXFileReference; explicitFileType = wrapper.cfbundle; includeInIndex = 0; path = "Parse ChatTests.xctest"; sourceTree = BUILT_PRODUCTS_DIR; };
		BAC7720F286A09AB006F49DB /* Parse_ChatTests.m */ = {isa = PBXFileReference; lastKnownFileType = sourcecode.c.objc; path = Parse_ChatTests.m; sourceTree = "<group>"; };
		BAC77215286A09AB006F49DB /* Parse ChatUITests.xctest */ = {isa = PBXFileReference; explicitFileType = wrapper.cfbundle; includeInIndex = 0; path = "Parse ChatUITests.xctest"; sourceTree = BUILT_PRODUCTS_DIR; };
		BAC77219286A09AB006F49DB /* Parse_ChatUITests.m */ = {isa = PBXFileReference; lastKnownFileType = sourcecode.c.objc; path = Parse_ChatUITests.m; sourceTree = "<group>"; };
		BAC7721B286A09AB006F49DB /* Parse_ChatUITestsLaunchTests.m */ = {isa = PBXFileReference; lastKnownFileType = sourcecode.c.objc; path = Parse_ChatUITestsLaunchTests.m; sourceTree = "<group>"; };
		D2517895ACD02BBE59A68FF4 /* Pods-Parse ChatTests.release.xcconfig */ = {isa = PBXFileReference; includeInIndex = 1; lastKnownFileType = text.xcconfig; name = "Pods-Parse ChatTests.release.xcconfig"; path = "Target Support Files/Pods-Parse ChatTests/Pods-Parse ChatTests.release.xcconfig"; sourceTree = "<group>"; };
		D91D7A1F17C072F9F4B0D929 /* Pods_Parse_Chat.framework */ = {isa = PBXFileReference; explicitFileType = wrapper.framework; includeInIndex = 0; path = Pods_Parse_Chat.framework; sourceTree = BUILT_PRODUCTS_DIR; };
/* End PBXFileReference section */

/* Begin PBXFrameworksBuildPhase section */
		BAC771ED286A09AA006F49DB /* Frameworks */ = {
			isa = PBXFrameworksBuildPhase;
			buildActionMask = 2147483647;
			files = (
				C5E0CB8703558B73E66C2B49 /* Pods_Parse_Chat.framework in Frameworks */,
			);
			runOnlyForDeploymentPostprocessing = 0;
		};
		BAC77208286A09AB006F49DB /* Frameworks */ = {
			isa = PBXFrameworksBuildPhase;
			buildActionMask = 2147483647;
			files = (
				342B3867CA8622FF4F0D1DA5 /* Pods_Parse_ChatTests.framework in Frameworks */,
			);
			runOnlyForDeploymentPostprocessing = 0;
		};
		BAC77212286A09AB006F49DB /* Frameworks */ = {
			isa = PBXFrameworksBuildPhase;
			buildActionMask = 2147483647;
			files = (
				85FA867CAE9F7A4CAC1BFE64 /* Pods_Parse_Chat_Parse_ChatUITests.framework in Frameworks */,
			);
			runOnlyForDeploymentPostprocessing = 0;
		};
/* End PBXFrameworksBuildPhase section */

/* Begin PBXGroup section */
		BAC771E7286A09AA006F49DB = {
			isa = PBXGroup;
			children = (
				BAC771F2286A09AA006F49DB /* Parse Chat */,
				BAC7720E286A09AB006F49DB /* Parse ChatTests */,
				BAC77218286A09AB006F49DB /* Parse ChatUITests */,
				BAC771F1286A09AA006F49DB /* Products */,
				BC4D1CADE4AC4377CAE2CAE2 /* Pods */,
				CD87BADDBC4F56109B0A7ED8 /* Frameworks */,
			);
			sourceTree = "<group>";
		};
		BAC771F1286A09AA006F49DB /* Products */ = {
			isa = PBXGroup;
			children = (
				BAC771F0286A09AA006F49DB /* Parse Chat.app */,
				BAC7720B286A09AB006F49DB /* Parse ChatTests.xctest */,
				BAC77215286A09AB006F49DB /* Parse ChatUITests.xctest */,
			);
			name = Products;
			sourceTree = "<group>";
		};
		BAC771F2286A09AA006F49DB /* Parse Chat */ = {
			isa = PBXGroup;
			children = (
				BAC771F3286A09AA006F49DB /* AppDelegate.h */,
				BAC771F4286A09AA006F49DB /* AppDelegate.m */,
				BAC771F6286A09AA006F49DB /* SceneDelegate.h */,
				BAC771F7286A09AA006F49DB /* SceneDelegate.m */,
				BAC771F9286A09AA006F49DB /* ViewController.h */,
				BAC771FA286A09AA006F49DB /* ViewController.m */,
				BAC771FC286A09AA006F49DB /* Main.storyboard */,
				BAC771FF286A09AB006F49DB /* Assets.xcassets */,
				BAC77201286A09AB006F49DB /* LaunchScreen.storyboard */,
				BAC77204286A09AB006F49DB /* Info.plist */,
				BAC77205286A09AB006F49DB /* main.m */,
			);
			path = "Parse Chat";
			sourceTree = "<group>";
		};
		BAC7720E286A09AB006F49DB /* Parse ChatTests */ = {
			isa = PBXGroup;
			children = (
				BAC7720F286A09AB006F49DB /* Parse_ChatTests.m */,
			);
			path = "Parse ChatTests";
			sourceTree = "<group>";
		};
		BAC77218286A09AB006F49DB /* Parse ChatUITests */ = {
			isa = PBXGroup;
			children = (
				BAC77219286A09AB006F49DB /* Parse_ChatUITests.m */,
				BAC7721B286A09AB006F49DB /* Parse_ChatUITestsLaunchTests.m */,
			);
			path = "Parse ChatUITests";
			sourceTree = "<group>";
		};
		BC4D1CADE4AC4377CAE2CAE2 /* Pods */ = {
			isa = PBXGroup;
			children = (
				8520A22021179BD0EB626B1C /* Pods-Parse Chat.debug.xcconfig */,
				4B65A7A08C2DCAEEB20E1118 /* Pods-Parse Chat.release.xcconfig */,
				07AC4BF6C22F63DA3EF3E360 /* Pods-Parse Chat-Parse ChatUITests.debug.xcconfig */,
				3F7AB69D3477E92A0A77E4AF /* Pods-Parse Chat-Parse ChatUITests.release.xcconfig */,
				17B3EFAB6A9DD48FDCE8ECAA /* Pods-Parse ChatTests.debug.xcconfig */,
				D2517895ACD02BBE59A68FF4 /* Pods-Parse ChatTests.release.xcconfig */,
			);
			name = Pods;
			path = Pods;
			sourceTree = "<group>";
		};
		CD87BADDBC4F56109B0A7ED8 /* Frameworks */ = {
			isa = PBXGroup;
			children = (
				D91D7A1F17C072F9F4B0D929 /* Pods_Parse_Chat.framework */,
				993940A4D378E8060EF0B353 /* Pods_Parse_Chat_Parse_ChatUITests.framework */,
				5680C0C497F4A275BD940A3F /* Pods_Parse_ChatTests.framework */,
			);
			name = Frameworks;
			sourceTree = "<group>";
		};
/* End PBXGroup section */

/* Begin PBXNativeTarget section */
		BAC771EF286A09AA006F49DB /* Parse Chat */ = {
			isa = PBXNativeTarget;
			buildConfigurationList = BAC7721F286A09AB006F49DB /* Build configuration list for PBXNativeTarget "Parse Chat" */;
			buildPhases = (
				17F4D557A257115E2F875041 /* [CP] Check Pods Manifest.lock */,
				BAC771EC286A09AA006F49DB /* Sources */,
				BAC771ED286A09AA006F49DB /* Frameworks */,
				BAC771EE286A09AA006F49DB /* Resources */,
				9A3D37D10E9A6C9116EF78B0 /* [CP] Embed Pods Frameworks */,
			);
			buildRules = (
			);
			dependencies = (
			);
			name = "Parse Chat";
			productName = "Parse Chat";
			productReference = BAC771F0286A09AA006F49DB /* Parse Chat.app */;
			productType = "com.apple.product-type.application";
		};
		BAC7720A286A09AB006F49DB /* Parse ChatTests */ = {
			isa = PBXNativeTarget;
			buildConfigurationList = BAC77222286A09AB006F49DB /* Build configuration list for PBXNativeTarget "Parse ChatTests" */;
			buildPhases = (
				15B2150FCF4E0F0B7BAE6D49 /* [CP] Check Pods Manifest.lock */,
				BAC77207286A09AB006F49DB /* Sources */,
				BAC77208286A09AB006F49DB /* Frameworks */,
				BAC77209286A09AB006F49DB /* Resources */,
			);
			buildRules = (
			);
			dependencies = (
				BAC7720D286A09AB006F49DB /* PBXTargetDependency */,
			);
			name = "Parse ChatTests";
			productName = "Parse ChatTests";
			productReference = BAC7720B286A09AB006F49DB /* Parse ChatTests.xctest */;
			productType = "com.apple.product-type.bundle.unit-test";
		};
		BAC77214286A09AB006F49DB /* Parse ChatUITests */ = {
			isa = PBXNativeTarget;
			buildConfigurationList = BAC77225286A09AB006F49DB /* Build configuration list for PBXNativeTarget "Parse ChatUITests" */;
			buildPhases = (
				492DF0B5817714CA855EC534 /* [CP] Check Pods Manifest.lock */,
				BAC77211286A09AB006F49DB /* Sources */,
				BAC77212286A09AB006F49DB /* Frameworks */,
				BAC77213286A09AB006F49DB /* Resources */,
				33920830A504B336B9260AB9 /* [CP] Embed Pods Frameworks */,
			);
			buildRules = (
			);
			dependencies = (
				BAC77217286A09AB006F49DB /* PBXTargetDependency */,
			);
			name = "Parse ChatUITests";
			productName = "Parse ChatUITests";
			productReference = BAC77215286A09AB006F49DB /* Parse ChatUITests.xctest */;
			productType = "com.apple.product-type.bundle.ui-testing";
		};
/* End PBXNativeTarget section */

/* Begin PBXProject section */
		BAC771E8286A09AA006F49DB /* Project object */ = {
			isa = PBXProject;
			attributes = {
				BuildIndependentTargetsInParallel = 1;
				LastUpgradeCheck = 1340;
				TargetAttributes = {
					BAC771EF286A09AA006F49DB = {
						CreatedOnToolsVersion = 13.4.1;
					};
					BAC7720A286A09AB006F49DB = {
						CreatedOnToolsVersion = 13.4.1;
						TestTargetID = BAC771EF286A09AA006F49DB;
					};
					BAC77214286A09AB006F49DB = {
						CreatedOnToolsVersion = 13.4.1;
						TestTargetID = BAC771EF286A09AA006F49DB;
					};
				};
			};
			buildConfigurationList = BAC771EB286A09AA006F49DB /* Build configuration list for PBXProject "Parse Chat" */;
			compatibilityVersion = "Xcode 13.0";
			developmentRegion = en;
			hasScannedForEncodings = 0;
			knownRegions = (
				en,
				Base,
			);
			mainGroup = BAC771E7286A09AA006F49DB;
			productRefGroup = BAC771F1286A09AA006F49DB /* Products */;
			projectDirPath = "";
			projectRoot = "";
			targets = (
				BAC771EF286A09AA006F49DB /* Parse Chat */,
				BAC7720A286A09AB006F49DB /* Parse ChatTests */,
				BAC77214286A09AB006F49DB /* Parse ChatUITests */,
			);
		};
/* End PBXProject section */

/* Begin PBXResourcesBuildPhase section */
		BAC771EE286A09AA006F49DB /* Resources */ = {
			isa = PBXResourcesBuildPhase;
			buildActionMask = 2147483647;
			files = (
				BAC77203286A09AB006F49DB /* LaunchScreen.storyboard in Resources */,
				BAC77200286A09AB006F49DB /* Assets.xcassets in Resources */,
				BAC771FE286A09AA006F49DB /* Main.storyboard in Resources */,
			);
			runOnlyForDeploymentPostprocessing = 0;
		};
		BAC77209286A09AB006F49DB /* Resources */ = {
			isa = PBXResourcesBuildPhase;
			buildActionMask = 2147483647;
			files = (
			);
			runOnlyForDeploymentPostprocessing = 0;
		};
		BAC77213286A09AB006F49DB /* Resources */ = {
			isa = PBXResourcesBuildPhase;
			buildActionMask = 2147483647;
			files = (
			);
			runOnlyForDeploymentPostprocessing = 0;
		};
/* End PBXResourcesBuildPhase section */

/* Begin PBXShellScriptBuildPhase section */
		15B2150FCF4E0F0B7BAE6D49 /* [CP] Check Pods Manifest.lock */ = {
			isa = PBXShellScriptBuildPhase;
			buildActionMask = 2147483647;
			files = (
			);
			inputFileListPaths = (
			);
			inputPaths = (
				"${PODS_PODFILE_DIR_PATH}/Podfile.lock",
				"${PODS_ROOT}/Manifest.lock",
			);
			name = "[CP] Check Pods Manifest.lock";
			outputFileListPaths = (
			);
			outputPaths = (
				"$(DERIVED_FILE_DIR)/Pods-Parse ChatTests-checkManifestLockResult.txt",
			);
			runOnlyForDeploymentPostprocessing = 0;
			shellPath = /bin/sh;
			shellScript = "diff \"${PODS_PODFILE_DIR_PATH}/Podfile.lock\" \"${PODS_ROOT}/Manifest.lock\" > /dev/null\nif [ $? != 0 ] ; then\n    # print error to STDERR\n    echo \"error: The sandbox is not in sync with the Podfile.lock. Run 'pod install' or update your CocoaPods installation.\" >&2\n    exit 1\nfi\n# This output is used by Xcode 'outputs' to avoid re-running this script phase.\necho \"SUCCESS\" > \"${SCRIPT_OUTPUT_FILE_0}\"\n";
			showEnvVarsInLog = 0;
		};
		17F4D557A257115E2F875041 /* [CP] Check Pods Manifest.lock */ = {
			isa = PBXShellScriptBuildPhase;
			buildActionMask = 2147483647;
			files = (
			);
			inputFileListPaths = (
			);
			inputPaths = (
				"${PODS_PODFILE_DIR_PATH}/Podfile.lock",
				"${PODS_ROOT}/Manifest.lock",
			);
			name = "[CP] Check Pods Manifest.lock";
			outputFileListPaths = (
			);
			outputPaths = (
				"$(DERIVED_FILE_DIR)/Pods-Parse Chat-checkManifestLockResult.txt",
			);
			runOnlyForDeploymentPostprocessing = 0;
			shellPath = /bin/sh;
			shellScript = "diff \"${PODS_PODFILE_DIR_PATH}/Podfile.lock\" \"${PODS_ROOT}/Manifest.lock\" > /dev/null\nif [ $? != 0 ] ; then\n    # print error to STDERR\n    echo \"error: The sandbox is not in sync with the Podfile.lock. Run 'pod install' or update your CocoaPods installation.\" >&2\n    exit 1\nfi\n# This output is used by Xcode 'outputs' to avoid re-running this script phase.\necho \"SUCCESS\" > \"${SCRIPT_OUTPUT_FILE_0}\"\n";
			showEnvVarsInLog = 0;
		};
		33920830A504B336B9260AB9 /* [CP] Embed Pods Frameworks */ = {
			isa = PBXShellScriptBuildPhase;
			buildActionMask = 2147483647;
			files = (
			);
			inputFileListPaths = (
				"${PODS_ROOT}/Target Support Files/Pods-Parse Chat-Parse ChatUITests/Pods-Parse Chat-Parse ChatUITests-frameworks-${CONFIGURATION}-input-files.xcfilelist",
			);
			name = "[CP] Embed Pods Frameworks";
			outputFileListPaths = (
				"${PODS_ROOT}/Target Support Files/Pods-Parse Chat-Parse ChatUITests/Pods-Parse Chat-Parse ChatUITests-frameworks-${CONFIGURATION}-output-files.xcfilelist",
			);
			runOnlyForDeploymentPostprocessing = 0;
			shellPath = /bin/sh;
			shellScript = "\"${PODS_ROOT}/Target Support Files/Pods-Parse Chat-Parse ChatUITests/Pods-Parse Chat-Parse ChatUITests-frameworks.sh\"\n";
			showEnvVarsInLog = 0;
		};
		492DF0B5817714CA855EC534 /* [CP] Check Pods Manifest.lock */ = {
			isa = PBXShellScriptBuildPhase;
			buildActionMask = 2147483647;
			files = (
			);
			inputFileListPaths = (
			);
			inputPaths = (
				"${PODS_PODFILE_DIR_PATH}/Podfile.lock",
				"${PODS_ROOT}/Manifest.lock",
			);
			name = "[CP] Check Pods Manifest.lock";
			outputFileListPaths = (
			);
			outputPaths = (
				"$(DERIVED_FILE_DIR)/Pods-Parse Chat-Parse ChatUITests-checkManifestLockResult.txt",
			);
			runOnlyForDeploymentPostprocessing = 0;
			shellPath = /bin/sh;
			shellScript = "diff \"${PODS_PODFILE_DIR_PATH}/Podfile.lock\" \"${PODS_ROOT}/Manifest.lock\" > /dev/null\nif [ $? != 0 ] ; then\n    # print error to STDERR\n    echo \"error: The sandbox is not in sync with the Podfile.lock. Run 'pod install' or update your CocoaPods installation.\" >&2\n    exit 1\nfi\n# This output is used by Xcode 'outputs' to avoid re-running this script phase.\necho \"SUCCESS\" > \"${SCRIPT_OUTPUT_FILE_0}\"\n";
			showEnvVarsInLog = 0;
		};
		9A3D37D10E9A6C9116EF78B0 /* [CP] Embed Pods Frameworks */ = {
			isa = PBXShellScriptBuildPhase;
			buildActionMask = 2147483647;
			files = (
			);
			inputFileListPaths = (
				"${PODS_ROOT}/Target Support Files/Pods-Parse Chat/Pods-Parse Chat-frameworks-${CONFIGURATION}-input-files.xcfilelist",
			);
			name = "[CP] Embed Pods Frameworks";
			outputFileListPaths = (
				"${PODS_ROOT}/Target Support Files/Pods-Parse Chat/Pods-Parse Chat-frameworks-${CONFIGURATION}-output-files.xcfilelist",
			);
			runOnlyForDeploymentPostprocessing = 0;
			shellPath = /bin/sh;
			shellScript = "\"${PODS_ROOT}/Target Support Files/Pods-Parse Chat/Pods-Parse Chat-frameworks.sh\"\n";
			showEnvVarsInLog = 0;
		};
/* End PBXShellScriptBuildPhase section */

/* Begin PBXSourcesBuildPhase section */
		BAC771EC286A09AA006F49DB /* Sources */ = {
			isa = PBXSourcesBuildPhase;
			buildActionMask = 2147483647;
			files = (
				BAC771FB286A09AA006F49DB /* ViewController.m in Sources */,
				BAC771F5286A09AA006F49DB /* AppDelegate.m in Sources */,
				BAC77206286A09AB006F49DB /* main.m in Sources */,
				BAC771F8286A09AA006F49DB /* SceneDelegate.m in Sources */,
			);
			runOnlyForDeploymentPostprocessing = 0;
		};
		BAC77207286A09AB006F49DB /* Sources */ = {
			isa = PBXSourcesBuildPhase;
			buildActionMask = 2147483647;
			files = (
				BAC77210286A09AB006F49DB /* Parse_ChatTests.m in Sources */,
			);
			runOnlyForDeploymentPostprocessing = 0;
		};
		BAC77211286A09AB006F49DB /* Sources */ = {
			isa = PBXSourcesBuildPhase;
			buildActionMask = 2147483647;
			files = (
				BAC7721C286A09AB006F49DB /* Parse_ChatUITestsLaunchTests.m in Sources */,
				BAC7721A286A09AB006F49DB /* Parse_ChatUITests.m in Sources */,
			);
			runOnlyForDeploymentPostprocessing = 0;
		};
/* End PBXSourcesBuildPhase section */

/* Begin PBXTargetDependency section */
		BAC7720D286A09AB006F49DB /* PBXTargetDependency */ = {
			isa = PBXTargetDependency;
			target = BAC771EF286A09AA006F49DB /* Parse Chat */;
			targetProxy = BAC7720C286A09AB006F49DB /* PBXContainerItemProxy */;
		};
		BAC77217286A09AB006F49DB /* PBXTargetDependency */ = {
			isa = PBXTargetDependency;
			target = BAC771EF286A09AA006F49DB /* Parse Chat */;
			targetProxy = BAC77216286A09AB006F49DB /* PBXContainerItemProxy */;
		};
/* End PBXTargetDependency section */

/* Begin PBXVariantGroup section */
		BAC771FC286A09AA006F49DB /* Main.storyboard */ = {
			isa = PBXVariantGroup;
			children = (
				BAC771FD286A09AA006F49DB /* Base */,
			);
			name = Main.storyboard;
			sourceTree = "<group>";
		};
		BAC77201286A09AB006F49DB /* LaunchScreen.storyboard */ = {
			isa = PBXVariantGroup;
			children = (
				BAC77202286A09AB006F49DB /* Base */,
			);
			name = LaunchScreen.storyboard;
			sourceTree = "<group>";
		};
/* End PBXVariantGroup section */

/* Begin XCBuildConfiguration section */
		BAC7721D286A09AB006F49DB /* Debug */ = {
			isa = XCBuildConfiguration;
			buildSettings = {
				ALWAYS_SEARCH_USER_PATHS = NO;
				CLANG_ANALYZER_NONNULL = YES;
				CLANG_ANALYZER_NUMBER_OBJECT_CONVERSION = YES_AGGRESSIVE;
				CLANG_CXX_LANGUAGE_STANDARD = "gnu++17";
				CLANG_ENABLE_MODULES = YES;
				CLANG_ENABLE_OBJC_ARC = YES;
				CLANG_ENABLE_OBJC_WEAK = YES;
				CLANG_WARN_BLOCK_CAPTURE_AUTORELEASING = YES;
				CLANG_WARN_BOOL_CONVERSION = YES;
				CLANG_WARN_COMMA = YES;
				CLANG_WARN_CONSTANT_CONVERSION = YES;
				CLANG_WARN_DEPRECATED_OBJC_IMPLEMENTATIONS = YES;
				CLANG_WARN_DIRECT_OBJC_ISA_USAGE = YES_ERROR;
				CLANG_WARN_DOCUMENTATION_COMMENTS = YES;
				CLANG_WARN_EMPTY_BODY = YES;
				CLANG_WARN_ENUM_CONVERSION = YES;
				CLANG_WARN_INFINITE_RECURSION = YES;
				CLANG_WARN_INT_CONVERSION = YES;
				CLANG_WARN_NON_LITERAL_NULL_CONVERSION = YES;
				CLANG_WARN_OBJC_IMPLICIT_RETAIN_SELF = YES;
				CLANG_WARN_OBJC_LITERAL_CONVERSION = YES;
				CLANG_WARN_OBJC_ROOT_CLASS = YES_ERROR;
				CLANG_WARN_QUOTED_INCLUDE_IN_FRAMEWORK_HEADER = YES;
				CLANG_WARN_RANGE_LOOP_ANALYSIS = YES;
				CLANG_WARN_STRICT_PROTOTYPES = YES;
				CLANG_WARN_SUSPICIOUS_MOVE = YES;
				CLANG_WARN_UNGUARDED_AVAILABILITY = YES_AGGRESSIVE;
				CLANG_WARN_UNREACHABLE_CODE = YES;
				CLANG_WARN__DUPLICATE_METHOD_MATCH = YES;
				COPY_PHASE_STRIP = NO;
				DEBUG_INFORMATION_FORMAT = dwarf;
				ENABLE_STRICT_OBJC_MSGSEND = YES;
				ENABLE_TESTABILITY = YES;
				GCC_C_LANGUAGE_STANDARD = gnu11;
				GCC_DYNAMIC_NO_PIC = NO;
				GCC_NO_COMMON_BLOCKS = YES;
				GCC_OPTIMIZATION_LEVEL = 0;
				GCC_PREPROCESSOR_DEFINITIONS = (
					"DEBUG=1",
					"$(inherited)",
				);
				GCC_WARN_64_TO_32_BIT_CONVERSION = YES;
				GCC_WARN_ABOUT_RETURN_TYPE = YES_ERROR;
				GCC_WARN_UNDECLARED_SELECTOR = YES;
				GCC_WARN_UNINITIALIZED_AUTOS = YES_AGGRESSIVE;
				GCC_WARN_UNUSED_FUNCTION = YES;
				GCC_WARN_UNUSED_VARIABLE = YES;
				IPHONEOS_DEPLOYMENT_TARGET = 15.5;
				MTL_ENABLE_DEBUG_INFO = INCLUDE_SOURCE;
				MTL_FAST_MATH = YES;
				ONLY_ACTIVE_ARCH = YES;
				SDKROOT = iphoneos;
			};
			name = Debug;
		};
		BAC7721E286A09AB006F49DB /* Release */ = {
			isa = XCBuildConfiguration;
			buildSettings = {
				ALWAYS_SEARCH_USER_PATHS = NO;
				CLANG_ANALYZER_NONNULL = YES;
				CLANG_ANALYZER_NUMBER_OBJECT_CONVERSION = YES_AGGRESSIVE;
				CLANG_CXX_LANGUAGE_STANDARD = "gnu++17";
				CLANG_ENABLE_MODULES = YES;
				CLANG_ENABLE_OBJC_ARC = YES;
				CLANG_ENABLE_OBJC_WEAK = YES;
				CLANG_WARN_BLOCK_CAPTURE_AUTORELEASING = YES;
				CLANG_WARN_BOOL_CONVERSION = YES;
				CLANG_WARN_COMMA = YES;
				CLANG_WARN_CONSTANT_CONVERSION = YES;
				CLANG_WARN_DEPRECATED_OBJC_IMPLEMENTATIONS = YES;
				CLANG_WARN_DIRECT_OBJC_ISA_USAGE = YES_ERROR;
				CLANG_WARN_DOCUMENTATION_COMMENTS = YES;
				CLANG_WARN_EMPTY_BODY = YES;
				CLANG_WARN_ENUM_CONVERSION = YES;
				CLANG_WARN_INFINITE_RECURSION = YES;
				CLANG_WARN_INT_CONVERSION = YES;
				CLANG_WARN_NON_LITERAL_NULL_CONVERSION = YES;
				CLANG_WARN_OBJC_IMPLICIT_RETAIN_SELF = YES;
				CLANG_WARN_OBJC_LITERAL_CONVERSION = YES;
				CLANG_WARN_OBJC_ROOT_CLASS = YES_ERROR;
				CLANG_WARN_QUOTED_INCLUDE_IN_FRAMEWORK_HEADER = YES;
				CLANG_WARN_RANGE_LOOP_ANALYSIS = YES;
				CLANG_WARN_STRICT_PROTOTYPES = YES;
				CLANG_WARN_SUSPICIOUS_MOVE = YES;
				CLANG_WARN_UNGUARDED_AVAILABILITY = YES_AGGRESSIVE;
				CLANG_WARN_UNREACHABLE_CODE = YES;
				CLANG_WARN__DUPLICATE_METHOD_MATCH = YES;
				COPY_PHASE_STRIP = NO;
				DEBUG_INFORMATION_FORMAT = "dwarf-with-dsym";
				ENABLE_NS_ASSERTIONS = NO;
				ENABLE_STRICT_OBJC_MSGSEND = YES;
				GCC_C_LANGUAGE_STANDARD = gnu11;
				GCC_NO_COMMON_BLOCKS = YES;
				GCC_WARN_64_TO_32_BIT_CONVERSION = YES;
				GCC_WARN_ABOUT_RETURN_TYPE = YES_ERROR;
				GCC_WARN_UNDECLARED_SELECTOR = YES;
				GCC_WARN_UNINITIALIZED_AUTOS = YES_AGGRESSIVE;
				GCC_WARN_UNUSED_FUNCTION = YES;
				GCC_WARN_UNUSED_VARIABLE = YES;
				IPHONEOS_DEPLOYMENT_TARGET = 15.5;
				MTL_ENABLE_DEBUG_INFO = NO;
				MTL_FAST_MATH = YES;
				SDKROOT = iphoneos;
				VALIDATE_PRODUCT = YES;
			};
			name = Release;
		};
		BAC77220286A09AB006F49DB /* Debug */ = {
			isa = XCBuildConfiguration;
			baseConfigurationReference = 8520A22021179BD0EB626B1C /* Pods-Parse Chat.debug.xcconfig */;
			buildSettings = {
				ASSETCATALOG_COMPILER_APPICON_NAME = AppIcon;
				ASSETCATALOG_COMPILER_GLOBAL_ACCENT_COLOR_NAME = AccentColor;
				CODE_SIGN_STYLE = Automatic;
				CURRENT_PROJECT_VERSION = 1;
				DEVELOPMENT_TEAM = 9NXA8K7358;
				GENERATE_INFOPLIST_FILE = YES;
				INFOPLIST_FILE = "Parse Chat/Info.plist";
				INFOPLIST_KEY_UIApplicationSupportsIndirectInputEvents = YES;
				INFOPLIST_KEY_UILaunchStoryboardName = LaunchScreen;
				INFOPLIST_KEY_UIMainStoryboardFile = Main;
				INFOPLIST_KEY_UISupportedInterfaceOrientations_iPad = "UIInterfaceOrientationPortrait UIInterfaceOrientationPortraitUpsideDown UIInterfaceOrientationLandscapeLeft UIInterfaceOrientationLandscapeRight";
				INFOPLIST_KEY_UISupportedInterfaceOrientations_iPhone = "UIInterfaceOrientationPortrait UIInterfaceOrientationLandscapeLeft UIInterfaceOrientationLandscapeRight";
				LD_RUNPATH_SEARCH_PATHS = (
					"$(inherited)",
					"@executable_path/Frameworks",
				);
				MARKETING_VERSION = 1.0;
				PRODUCT_BUNDLE_IDENTIFIER = "com.codepath.Parse-Chat";
				PRODUCT_NAME = "$(TARGET_NAME)";
				SWIFT_EMIT_LOC_STRINGS = YES;
				TARGETED_DEVICE_FAMILY = "1,2";
			};
			name = Debug;
		};
		BAC77221286A09AB006F49DB /* Release */ = {
			isa = XCBuildConfiguration;
			baseConfigurationReference = 4B65A7A08C2DCAEEB20E1118 /* Pods-Parse Chat.release.xcconfig */;
			buildSettings = {
				ASSETCATALOG_COMPILER_APPICON_NAME = AppIcon;
				ASSETCATALOG_COMPILER_GLOBAL_ACCENT_COLOR_NAME = AccentColor;
				CODE_SIGN_STYLE = Automatic;
				CURRENT_PROJECT_VERSION = 1;
				DEVELOPMENT_TEAM = 9NXA8K7358;
				GENERATE_INFOPLIST_FILE = YES;
				INFOPLIST_FILE = "Parse Chat/Info.plist";
				INFOPLIST_KEY_UIApplicationSupportsIndirectInputEvents = YES;
				INFOPLIST_KEY_UILaunchStoryboardName = LaunchScreen;
				INFOPLIST_KEY_UIMainStoryboardFile = Main;
				INFOPLIST_KEY_UISupportedInterfaceOrientations_iPad = "UIInterfaceOrientationPortrait UIInterfaceOrientationPortraitUpsideDown UIInterfaceOrientationLandscapeLeft UIInterfaceOrientationLandscapeRight";
				INFOPLIST_KEY_UISupportedInterfaceOrientations_iPhone = "UIInterfaceOrientationPortrait UIInterfaceOrientationLandscapeLeft UIInterfaceOrientationLandscapeRight";
				LD_RUNPATH_SEARCH_PATHS = (
					"$(inherited)",
					"@executable_path/Frameworks",
				);
				MARKETING_VERSION = 1.0;
				PRODUCT_BUNDLE_IDENTIFIER = "com.codepath.Parse-Chat";
				PRODUCT_NAME = "$(TARGET_NAME)";
				SWIFT_EMIT_LOC_STRINGS = YES;
				TARGETED_DEVICE_FAMILY = "1,2";
			};
			name = Release;
		};
		BAC77223286A09AB006F49DB /* Debug */ = {
			isa = XCBuildConfiguration;
			baseConfigurationReference = 17B3EFAB6A9DD48FDCE8ECAA /* Pods-Parse ChatTests.debug.xcconfig */;
			buildSettings = {
				BUNDLE_LOADER = "$(TEST_HOST)";
				CODE_SIGN_STYLE = Automatic;
				CURRENT_PROJECT_VERSION = 1;
				DEVELOPMENT_TEAM = 9NXA8K7358;
				GENERATE_INFOPLIST_FILE = YES;
				IPHONEOS_DEPLOYMENT_TARGET = 15.5;
				MARKETING_VERSION = 1.0;
				PRODUCT_BUNDLE_IDENTIFIER = "com.codepath.Parse-ChatTests";
				PRODUCT_NAME = "$(TARGET_NAME)";
				SWIFT_EMIT_LOC_STRINGS = NO;
				TARGETED_DEVICE_FAMILY = "1,2";
				TEST_HOST = "$(BUILT_PRODUCTS_DIR)/Parse Chat.app/Parse Chat";
			};
			name = Debug;
		};
		BAC77224286A09AB006F49DB /* Release */ = {
			isa = XCBuildConfiguration;
			baseConfigurationReference = D2517895ACD02BBE59A68FF4 /* Pods-Parse ChatTests.release.xcconfig */;
			buildSettings = {
				BUNDLE_LOADER = "$(TEST_HOST)";
				CODE_SIGN_STYLE = Automatic;
				CURRENT_PROJECT_VERSION = 1;
				DEVELOPMENT_TEAM = 9NXA8K7358;
				GENERATE_INFOPLIST_FILE = YES;
				IPHONEOS_DEPLOYMENT_TARGET = 15.5;
				MARKETING_VERSION = 1.0;
				PRODUCT_BUNDLE_IDENTIFIER = "com.codepath.Parse-ChatTests";
				PRODUCT_NAME = "$(TARGET_NAME)";
				SWIFT_EMIT_LOC_STRINGS = NO;
				TARGETED_DEVICE_FAMILY = "1,2";
				TEST_HOST = "$(BUILT_PRODUCTS_DIR)/Parse Chat.app/Parse Chat";
			};
			name = Release;
		};
		BAC77226286A09AB006F49DB /* Debug */ = {
			isa = XCBuildConfiguration;
			baseConfigurationReference = 07AC4BF6C22F63DA3EF3E360 /* Pods-Parse Chat-Parse ChatUITests.debug.xcconfig */;
			buildSettings = {
				CODE_SIGN_STYLE = Automatic;
				CURRENT_PROJECT_VERSION = 1;
				DEVELOPMENT_TEAM = 9NXA8K7358;
				GENERATE_INFOPLIST_FILE = YES;
				MARKETING_VERSION = 1.0;
				PRODUCT_BUNDLE_IDENTIFIER = "com.codepath.Parse-ChatUITests";
				PRODUCT_NAME = "$(TARGET_NAME)";
				SWIFT_EMIT_LOC_STRINGS = NO;
				TARGETED_DEVICE_FAMILY = "1,2";
				TEST_TARGET_NAME = "Parse Chat";
			};
			name = Debug;
		};
		BAC77227286A09AB006F49DB /* Release */ = {
			isa = XCBuildConfiguration;
			baseConfigurationReference = 3F7AB69D3477E92A0A77E4AF /* Pods-Parse Chat-Parse ChatUITests.release.xcconfig */;
			buildSettings = {
				CODE_SIGN_STYLE = Automatic;
				CURRENT_PROJECT_VERSION = 1;
				DEVELOPMENT_TEAM = 9NXA8K7358;
				GENERATE_INFOPLIST_FILE = YES;
				MARKETING_VERSION = 1.0;
				PRODUCT_BUNDLE_IDENTIFIER = "com.codepath.Parse-ChatUITests";
				PRODUCT_NAME = "$(TARGET_NAME)";
				SWIFT_EMIT_LOC_STRINGS = NO;
				TARGETED_DEVICE_FAMILY = "1,2";
				TEST_TARGET_NAME = "Parse Chat";
			};
			name = Release;
		};
/* End XCBuildConfiguration section */

/* Begin XCConfigurationList section */
		BAC771EB286A09AA006F49DB /* Build configuration list for PBXProject "Parse Chat" */ = {
			isa = XCConfigurationList;
			buildConfigurations = (
				BAC7721D286A09AB006F49DB /* Debug */,
				BAC7721E286A09AB006F49DB /* Release */,
			);
			defaultConfigurationIsVisible = 0;
			defaultConfigurationName = Release;
		};
		BAC7721F286A09AB006F49DB /* Build configuration list for PBXNativeTarget "Parse Chat" */ = {
			isa = XCConfigurationList;
			buildConfigurations = (
				BAC77220286A09AB006F49DB /* Debug */,
				BAC77221286A09AB006F49DB /* Release */,
			);
			defaultConfigurationIsVisible = 0;
			defaultConfigurationName = Release;
		};
		BAC77222286A09AB006F49DB /* Build configuration list for PBXNativeTarget "Parse ChatTests" */ = {
			isa = XCConfigurationList;
			buildConfigurations = (
				BAC77223286A09AB006F49DB /* Debug */,
				BAC77224286A09AB006F49DB /* Release */,
			);
			defaultConfigurationIsVisible = 0;
			defaultConfigurationName = Release;
		};
		BAC77225286A09AB006F49DB /* Build configuration list for PBXNativeTarget "Parse ChatUITests" */ = {
			isa = XCConfigurationList;
			buildConfigurations = (
				BAC77226286A09AB006F49DB /* Debug */,
				BAC77227286A09AB006F49DB /* Release */,
			);
			defaultConfigurationIsVisible = 0;
			defaultConfigurationName = Release;
		};
/* End XCConfigurationList section */
	};
	rootObject = BAC771E8286A09AA006F49DB /* Project object */;
}
